
Microsoft Visual Studio Solution File, Format Version 12.00
# Visual Studio Version 17
VisualStudioVersion = 17.6.33815.320
MinimumVisualStudioVersion = 10.0.40219.1
Project("{FAE04EC0-301F-11D3-BF4B-00C04F79EFBC}") = "laApi", "laApi\laApi.csproj", "{760A772B-C2FB-41CD-929D-B95A8A6BE7DF}"
EndProject
Global
	GlobalSection(SolutionConfigurationPlatforms) = preSolution
		Debug|Any CPU = Debug|Any CPU
		Release|Any CPU = Release|Any CPU
	EndGlobalSection
	GlobalSection(ProjectConfigurationPlatforms) = postSolution
		{760A772B-C2FB-41CD-929D-B95A8A6BE7DF}.Debug|Any CPU.ActiveCfg = Debug|Any CPU
		{760A772B-C2FB-41CD-929D-B95A8A6BE7DF}.Debug|Any CPU.Build.0 = Debug|Any CPU
		{760A772B-C2FB-41CD-929D-B95A8A6BE7DF}.Release|Any CPU.ActiveCfg = Release|Any CPU
		{760A772B-C2FB-41CD-929D-B95A8A6BE7DF}.Release|Any CPU.Build.0 = Release|Any CPU
	EndGlobalSection
	GlobalSection(SolutionProperties) = preSolution
		HideSolutionNode = FALSE
	EndGlobalSection
	GlobalSection(ExtensibilityGlobals) = postSolution
		SolutionGuid = {6BBA1F8D-7CDA-4AB7-8626-2F5BAF884B5D}
	EndGlobalSection
EndGlobal
